lockfileVersion: '9.0'

settings:
  autoInstallPeers: true
  excludeLinksFromLockfile: false

importers:

  .:
    dependencies:
      miniprogram-automator:
        specifier: ^0.12.1
        version: 0.12.1
    devDependencies:
      serve:
        specifier: ^14.2.4
        version: 14.2.5

packages:

  '@jimp/bmp@0.6.8':
    resolution: {integrity: sha512-uxVgSkI62uAzk5ZazYHEHBehow590WAkLKmDXLzkr/XP/Hv2Fx1T4DKwJ/15IY5ktq5VAhAUWGXTyd8KWFsx7w==}
    peerDependencies:
      '@jimp/custom': '>=0.3.5'

  '@jimp/core@0.6.8':
    resolution: {integrity: sha512-JOFqBBcSNiDiMZJFr6OJqC6viXj5NVBQISua0eacoYvo4YJtTajOIxC4MqWyUmGrDpRMZBR8QhSsIOwsFrdROA==}

  '@jimp/custom@0.6.8':
    resolution: {integrity: sha512-FrYlzZRVXP2vuVwd7Nc2dlK+iZk4g6IaT1Ib8Z6vU5Kkwlt83FJIPJ2UUFABf3bF5big0wkk8ZUihWxE4Nzdng==}

  '@jimp/gif@0.6.8':
    resolution: {integrity: sha512-yyOlujjQcgz9zkjM5ihZDEppn9d1brJ7jQHP5rAKmqep0G7FU1D0AKcV+Ql18RhuI/CgWs10wAVcrQpmLnu4Yw==}
    peerDependencies:
      '@jimp/custom': '>=0.3.5'

  '@jimp/jpeg@0.6.8':
    resolution: {integrity: sha512-rGtXbYpFXAn471qLpTGvhbBMNHJo5KiufN+vC5AWyufntmkt5f0Ox2Cx4ijuBMDtirZchxbMLtrfGjznS4L/ew==}
    peerDependencies:
      '@jimp/custom': '>=0.3.5'

  '@jimp/plugin-blit@0.6.8':
    resolution: {integrity: sha512-7Tl6YpKTSpvwQbnGNhsfX2zyl3jRVVopd276Y2hF2zpDz9Bycow7NdfNU/4Nx1jaf96X6uWOtSVINcQ7rGd47w==}
    peerDependencies:
      '@jimp/custom': '>=0.3.5'

  '@jimp/plugin-blur@0.6.8':
    resolution: {integrity: sha512-NpZCMKxXHLDQsX9zPlWtpMA660DQStY6/z8ZetyxCDbqrLe9YCXpeR4MNhdJdABIiwTm1W5FyFF4kp81PHJx3Q==}
    peerDependencies:
      '@jimp/custom': '>=0.3.5'

  '@jimp/plugin-color@0.6.8':
    resolution: {integrity: sha512-jjFyU0zNmGOH2rjzHuOMU4kaia0oo82s/7UYfn5h7OUkmUZTd6Do3ZSK1PiXA7KR+s4B76/Omm6Doh/0SGb7BQ==}
    peerDependencies:
      '@jimp/custom': '>=0.3.5'

  '@jimp/plugin-contain@0.6.8':
    resolution: {integrity: sha512-p/P2wCXhAzbmEgXvGsvmxLmbz45feF6VpR4m9suPSOr8PC/i/XvTklTqYEUidYYAft4vHgsYJdS74HKSMnH8lw==}
    peerDependencies:
      '@jimp/custom': '>=0.3.5'
      '@jimp/plugin-blit': '>=0.3.5'
      '@jimp/plugin-resize': '>=0.3.5'
      '@jimp/plugin-scale': '>=0.3.5'

  '@jimp/plugin-cover@0.6.8':
    resolution: {integrity: sha512-2PvWgk+PJfRsfWDI1G8Fpjrsu0ZlpNyZxO2+fqWlVo6y/y2gP4v08FqvbkcqSjNlOu2IDWIFXpgyU0sTINWZLg==}
    peerDependencies:
      '@jimp/custom': '>=0.3.5'
      '@jimp/plugin-crop': '>=0.3.5'
      '@jimp/plugin-resize': '>=0.3.5'
      '@jimp/plugin-scale': '>=0.3.5'

  '@jimp/plugin-crop@0.6.8':
    resolution: {integrity: sha512-CbrcpWE2xxPK1n/JoTXzhRUhP4mO07mTWaSavenCg664oQl/9XCtL+A0FekuNHzIvn4myEqvkiTwN7FsbunS/Q==}
    peerDependencies:
      '@jimp/custom': '>=0.3.5'

  '@jimp/plugin-displace@0.6.8':
    resolution: {integrity: sha512-RmV2bPxoPE6mrPxtYSPtHxm2cGwBQr5a2p+9gH6SPy+eUMrbGjbvjwKNfXWUYD0leML+Pt5XOmAS9pIROmuruQ==}
    peerDependencies:
      '@jimp/custom': '>=0.3.5'

  '@jimp/plugin-dither@0.6.8':
    resolution: {integrity: sha512-x6V/qjxe+xypjpQm7GbiMNqci1EW5UizrcebOhHr8AHijOEqHd2hjXh5f6QIGfrkTFelc4/jzq1UyCsYntqz9Q==}
    peerDependencies:
      '@jimp/custom': '>=0.3.5'

  '@jimp/plugin-flip@0.6.8':
    resolution: {integrity: sha512-4il6Da6G39s9MyWBEee4jztEOUGJ40E6OlPjkMrdpDNvge6hYEAB31BczTYBP/CEY74j4LDSoY5LbcU4kv06yA==}
    peerDependencies:
      '@jimp/custom': '>=0.3.5'
      '@jimp/plugin-rotate': '>=0.3.5'

  '@jimp/plugin-gaussian@0.6.8':
    resolution: {integrity: sha512-pVOblmjv7stZjsqloi4YzHVwAPXKGdNaHPhp4KP4vj41qtc6Hxd9z/+VWGYRTunMFac84gUToe0UKIXd6GhoKw==}
    peerDependencies:
      '@jimp/custom': '>=0.3.5'

  '@jimp/plugin-invert@0.6.8':
    resolution: {integrity: sha512-11zuLiXDHr6tFv4U8aieXqNXQEKbDbSBG/h+X62gGTNFpyn8EVPpncHhOqrAFtZUaPibBqMFlNJ15SzwC7ExsQ==}
    peerDependencies:
      '@jimp/custom': '>=0.3.5'

  '@jimp/plugin-mask@0.6.8':
    resolution: {integrity: sha512-hZJ0OiKGJyv7hDSATwJDkunB1Ie80xJnONMgpUuUseteK45YeYNBOiZVUe8vum8QI1UwavgBzcvQ9u4fcgXc9g==}
    peerDependencies:
      '@jimp/custom': '>=0.3.5'

  '@jimp/plugin-normalize@0.6.8':
    resolution: {integrity: sha512-Q4oYhU+sSyTJI7pMZlg9/mYh68ujLfOxXzQGEXuw0sHGoGQs3B0Jw7jmzGa6pIS06Hup5hD2Zuh1ppvMdjJBfQ==}
    peerDependencies:
      '@jimp/custom': '>=0.3.5'

  '@jimp/plugin-print@0.6.8':
    resolution: {integrity: sha512-2aokejGn4Drv1FesnZGqh5KEq0FQtR0drlmtyZrBH+r9cx7hh0Qgf4D1BOTDEgXkfSSngjGRjKKRW/fwOrVXYw==}
    peerDependencies:
      '@jimp/custom': '>=0.3.5'
      '@jimp/plugin-blit': '>=0.3.5'

  '@jimp/plugin-resize@0.6.8':
    resolution: {integrity: sha512-27nPh8L1YWsxtfmV/+Ub5dOTpXyC0HMF2cu52RQSCYxr+Lm1+23dJF70AF1poUbUe+FWXphwuUxQzjBJza9UoA==}
    peerDependencies:
      '@jimp/custom': '>=0.3.5'

  '@jimp/plugin-rotate@0.6.8':
    resolution: {integrity: sha512-GbjETvL05BDoLdszNUV4Y0yLkHf177MnqGqilA113LIvx9aD0FtUopGXYfRGVvmtTOTouoaGJUc+K6qngvKxww==}
    peerDependencies:
      '@jimp/custom': '>=0.3.5'
      '@jimp/plugin-blit': '>=0.3.5'
      '@jimp/plugin-crop': '>=0.3.5'
      '@jimp/plugin-resize': '>=0.3.5'

  '@jimp/plugin-scale@0.6.8':
    resolution: {integrity: sha512-GzIYWR/oCUK2jAwku23zt19V1ssaEU4pL0x2XsLNKuuJEU6DvEytJyTMXCE7OLG/MpDBQcQclJKHgiyQm5gIOQ==}
    peerDependencies:
      '@jimp/custom': '>=0.3.5'
      '@jimp/plugin-resize': '>=0.3.5'

  '@jimp/plugins@0.6.8':
    resolution: {integrity: sha512-fMcTI72Vn/Lz6JftezTURmyP5ml/xGMe0Ljx2KRJ85IWyP33vDmGIUuutFiBEbh2+y7lRT+aTSmjs0QGa/xTmQ==}
    peerDependencies:
      '@jimp/custom': '>=0.3.5'

  '@jimp/png@0.6.8':
    resolution: {integrity: sha512-JHHg/BZ7KDtHQrcG+a7fztw45rdf7okL/YwkN4qU5FH7Fcrp41nX5QnRviDtD9hN+GaNC7kvjvcqRAxW25qjew==}
    peerDependencies:
      '@jimp/custom': '>=0.3.5'

  '@jimp/tiff@0.6.8':
    resolution: {integrity: sha512-iWHbxd+0IKWdJyJ0HhoJCGYmtjPBOusz1z1HT/DnpePs/Lo3TO4d9ALXqYfUkyG74ZK5jULZ69KLtwuhuJz1bg==}
    peerDependencies:
      '@jimp/custom': '>=0.3.5'

  '@jimp/types@0.6.8':
    resolution: {integrity: sha512-vCZ/Cp2osy69VP21XOBACfHI5HeR60Rfd4Jidj4W73UL+HrFWOtyQiJ7hlToyu1vI5mR/NsUQpzyQvz56ADm5A==}
    peerDependencies:
      '@jimp/custom': '>=0.3.5'

  '@jimp/utils@0.6.8':
    resolution: {integrity: sha512-7RDfxQ2C/rarNG9iso5vmnKQbcvlQjBIlF/p7/uYj72WeZgVCB+5t1fFBKJSU4WhniHX4jUMijK+wYGE3Y3bGw==}

  '@zeit/schemas@2.36.0':
    resolution: {integrity: sha512-7kjMwcChYEzMKjeex9ZFXkt1AyNov9R5HZtjBKVsmVpw7pa7ZtlCGvCBC2vnnXctaYN+aRI61HjIqeetZW5ROg==}

  ajv@8.12.0:
    resolution: {integrity: sha512-sRu1kpcO9yLtYxBKvqfTeh9KzZEwO3STyX1HT+4CaDzC6HpTGYhIhPIzj9XuKU7KYDwnaeh5hcOwjy1QuJzBPA==}

  ansi-align@3.0.1:
    resolution: {integrity: sha512-IOfwwBF5iczOjp/WeY4YxyjqAFMQoZufdQWDd19SEExbVLNXqvpzSJ/M7Za4/sCPmQ0+GRquoA7bGcINcxew6w==}

  ansi-regex@5.0.1:
    resolution: {integrity: sha512-quJQXlTSUGL2LH9SUXo8VwsY4soanhgo6LNSm84E1LBcE8s3O0wpdiRzyR9z/ZZJMlMWv37qOOb9pdJlMUEKFQ==}
    engines: {node: '>=8'}

  ansi-regex@6.2.2:
    resolution: {integrity: sha512-Bq3SmSpyFHaWjPk8If9yc6svM8c56dB5BAtW4Qbw5jHTwwXXcTLoRMkpDJp6VL0XzlWaCHTXrkFURMYmD0sLqg==}
    engines: {node: '>=12'}

  ansi-styles@4.3.0:
    resolution: {integrity: sha512-zbB9rCJAT1rbjiVDb2hqKFHNYLxgtk8NURxZ3IZwD3F6NtxbXZQCnnSi1Lkx+IDohdPlFp222wVALIheZJQSEg==}
    engines: {node: '>=8'}

  ansi-styles@6.2.3:
    resolution: {integrity: sha512-4Dj6M28JB+oAH8kFkTLUo+a2jwOFkuqb3yucU0CANcRRUbxS0cP0nZYCGjcc3BNXwRIsUVmDGgzawme7zvJHvg==}
    engines: {node: '>=12'}

  any-base@1.1.0:
    resolution: {integrity: sha512-uMgjozySS8adZZYePpaWs8cxB9/kdzmpX6SgJZ+wbz1K5eYk5QMYDVJaZKhxyIHUdnnJkfR7SVgStgH7LkGUyg==}

  arch@2.2.0:
    resolution: {integrity: sha512-Of/R0wqp83cgHozfIYLbBMnej79U/SVGOOyuB3VVFv1NRM/PSFMK12x9KVtiYzJqmnU5WR2qp0Z5rHb7sWGnFQ==}

  arg@5.0.2:
    resolution: {integrity: sha512-PYjyFOLKQ9y57JvQ6QLo8dAgNqswh8M1RMJYdQduT6xbWSgK36P/Z/v+p888pM69jMMfS8Xd8F6I1kQ/I9HUGg==}

  async-limiter@1.0.1:
    resolution: {integrity: sha512-csOlWGAcRFJaI6m+F2WKdnMKr4HhdhFVBk0H/QbJFMCr+uO2kwohwXQPxw/9OCxp05r5ghVBFSyioixx3gfkNQ==}

  balanced-match@1.0.2:
    resolution: {integrity: sha512-3oSeUO0TMV67hN1AmbXsK4yaqU7tjiHlbxRDZOpH0KW9+CeX4bRAaX0Anxt0tx2MrpRpWwQaPwIlISEJhYU5Pw==}

  base64-js@1.5.1:
    resolution: {integrity: sha512-AKpaYlHn8t4SVbOHCy+b5+KKgvR4vrsD8vbvrbiQJps7fKDTkjkDry6ji0rUJjC0kzbNePLwzxq8iypo41qeWA==}

  bmp-js@0.1.0:
    resolution: {integrity: sha512-vHdS19CnY3hwiNdkaqk93DvjVLfbEcI8mys4UjuWrlX1haDmroo8o4xCzh4wD6DGV6HxRCyauwhHRqMTfERtjw==}

  boxen@7.0.0:
    resolution: {integrity: sha512-j//dBVuyacJbvW+tvZ9HuH03fZ46QcaKvvhZickZqtB271DxJ7SNRSNxrV/dZX0085m7hISRZWbzWlJvx/rHSg==}
    engines: {node: '>=14.16'}

  brace-expansion@1.1.12:
    resolution: {integrity: sha512-9T9UjW3r0UW5c1Q7GTwllptXwhvYmEzFhzMfZ9H7FQWt+uZePjZPjBP/W1ZEyZ1twGWom5/56TF4lPcqjnDHcg==}

  buffer-equal@0.0.1:
    resolution: {integrity: sha512-RgSV6InVQ9ODPdLWJ5UAqBqJBOg370Nz6ZQtRzpt6nUjc8v0St97uJ4PYC6NztqIScrAXafKM3mZPMygSe1ggA==}
    engines: {node: '>=0.4.0'}

  buffer@5.7.1:
    resolution: {integrity: sha512-EHcyIPBQ4BSGlvjB16k5KgAJ27CIsHY/2JBmCRReo48y9rQ3MaUzWX3KVlBa4U7MyX02HdVj0K7C3WaB3ju7FQ==}

  bytes@3.0.0:
    resolution: {integrity: sha512-pMhOfFDPiv9t5jjIXkHosWmkSyQbvsgEVNkz0ERHbuLh2T/7j4Mqqpz523Fe8MVY89KC6Sh/QfS2sM+SjgFDcw==}
    engines: {node: '>= 0.8'}

  bytes@3.1.2:
    resolution: {integrity: sha512-/Nf7TyzTx6S3yRJObOAV7956r8cr2+Oj8AC5dt8wSP3BQAoeX58NoHyCU8P8zGkNXStjTSi6fzO6F0pBdcYbEg==}
    engines: {node: '>= 0.8'}

  camelcase@7.0.1:
    resolution: {integrity: sha512-xlx1yCK2Oc1APsPXDL2LdlNP6+uu8OCDdhOBSVT279M/S+y75O30C2VuD8T2ogdePBBl7PfPF4504tnLgX3zfw==}
    engines: {node: '>=14.16'}

  centra@2.7.0:
    resolution: {integrity: sha512-PbFMgMSrmgx6uxCdm57RUos9Tc3fclMvhLSATYN39XsDV29B89zZ3KA89jmY0vwSGazyU+uerqwa6t+KaodPcg==}

  chalk-template@0.4.0:
    resolution: {integrity: sha512-/ghrgmhfY8RaSdeo43hNXxpoHAtxdbskUHjPpfqUWGttFgycUhYPGx3YZBCnUCvOa7Doivn1IZec3DEGFoMgLg==}
    engines: {node: '>=12'}

  chalk@4.1.2:
    resolution: {integrity: sha512-oKnbhFyRIXpUuez8iBMmyEa4nbj4IOQyuhc/wy9kY7/WVPcwIO9VA668Pu8RkO7+0G76SLROeyw9CpQ061i4mA==}
    engines: {node: '>=10'}

  chalk@5.0.1:
    resolution: {integrity: sha512-Fo07WOYGqMfCWHOzSXOt2CxDbC6skS/jO9ynEcmpANMoPrD+W1r1K6Vx7iNm+AQmETU1Xr2t+n8nzkV9t6xh3w==}
    engines: {node: ^12.17.0 || ^14.13 || >=16.0.0}

  cli-boxes@3.0.0:
    resolution: {integrity: sha512-/lzGpEWL/8PfI0BmBOPRwp0c/wFNX1RdUML3jK/RcSBA9T8mZDdQpqYBKtCFTOfQbwPqWEOpjqW+Fnayc0969g==}
    engines: {node: '>=10'}

  clipboardy@3.0.0:
    resolution: {integrity: sha512-Su+uU5sr1jkUy1sGRpLKjKrvEOVXgSgiSInwa/qeID6aJ07yh+5NWc3h2QfjHjBnfX4LhtFcuAWKUsJ3r+fjbg==}
    engines: {node: ^12.20.0 || ^14.13.1 || >=16.0.0}

  color-convert@2.0.1:
    resolution: {integrity: sha512-RRECPsj7iu/xb5oKYcsFHSppFNnsj/52OVTRKb4zP5onXwVF3zVmmToNcOfGC+CRDpfK/U584fMg38ZHCaElKQ==}
    engines: {node: '>=7.0.0'}

  color-name@1.1.4:
    resolution: {integrity: sha512-dOy+3AuW3a2wNbZHIuMZpTcgjGuLU/uBL/ubcZF9OXbDo8ff4O8yVp5Bf0efS8uEoYo5q4Fx7dY9OgQGXgAsQA==}

  compressible@2.0.18:
    resolution: {integrity: sha512-AF3r7P5dWxL8MxyITRMlORQNaOA2IkAFaTr4k7BUumjPtRpGDTZpl0Pb1XCO6JeDCBdp126Cgs9sMxqSjgYyRg==}
    engines: {node: '>= 0.6'}

  compression@1.8.1:
    resolution: {integrity: sha512-9mAqGPHLakhCLeNyxPkK4xVo746zQ/czLH1Ky+vkitMnWfWZps8r0qXuwhwizagCRttsL4lfG4pIOvaWLpAP0w==}
    engines: {node: '>= 0.8.0'}

  concat-map@0.0.1:
    resolution: {integrity: sha512-/Srv4dswyQNBfohGpz9o6Yb3Gz3SrUDqBH5rTuhGR7ahtlbYKnVxw2bCFMRljaA7EXHaXZ8wsHdodFvbkhKmqg==}

  content-disposition@0.5.2:
    resolution: {integrity: sha512-kRGRZw3bLlFISDBgwTSA1TMBFN6J6GWDeubmDE3AF+3+yXL8hTWv8r5rkLbqYXY4RjPk/EzHnClI3zQf1cFmHA==}
    engines: {node: '>= 0.6'}

  core-js@2.6.12:
    resolution: {integrity: sha512-Kb2wC0fvsWfQrgk8HU5lW6U/Lcs8+9aaYcy4ZFc6DDlo4nZ7n70dEgE5rtR0oG6ufKDUnrwfWL1mXR5ljDatrQ==}
    deprecated: core-js@<3.23.3 is no longer maintained and not recommended for usage due to the number of issues. Because of the V8 engine whims, feature detection in old core-js versions could cause a slowdown up to 100x even if nothing is polyfilled. Some versions have web compatibility issues. Please, upgrade your dependencies to the actual version of core-js.

  cross-spawn@7.0.6:
    resolution: {integrity: sha512-uV2QOWP2nWzsy2aMp8aRibhi9dlzF5Hgh5SHaB9OiTGEyDTiJJyx0uy51QXdyWbtAHNua4XJzUKca3OzKUd3vA==}
    engines: {node: '>= 8'}

  debug@2.6.9:
    resolution: {integrity: sha512-bC7ElrdJaJnPbAP+1EotYvqZsb3ecl5wi6Bfi6BJTUcNowp6cvspg0jXznRTKDjm/E7AdgFBVeAPVMNcKGsHMA==}
    peerDependencies:
      supports-color: '*'
    peerDependenciesMeta:
      supports-color:
        optional: true

  debug@4.4.3:
    resolution: {integrity: sha512-RGwwWnwQvkVfavKVt22FGLw+xYSdzARwm0ru6DhTVA3umU5hZc28V3kO4stgYryrTlLpuvgI9GiijltAjNbcqA==}
    engines: {node: '>=6.0'}
    peerDependencies:
      supports-color: '*'
    peerDependenciesMeta:
      supports-color:
        optional: true

  deep-extend@0.6.0:
    resolution: {integrity: sha512-LOHxIOaPYdHlJRtCQfDIVZtfw/ufM8+rVj649RIHzcm/vGwQRXFt6OPqIFWsm2XEMrNIEtWR64sY1LEKD2vAOA==}
    engines: {node: '>=4.0.0'}

  dom-walk@0.1.2:
    resolution: {integrity: sha512-6QvTW9mrGeIegrFXdtQi9pk7O/nSK6lSdXW2eqUspN5LWD7UTji2Fqw5V2YLjBpHEoU9Xl/eUWNpDeZvoyOv2w==}

  eastasianwidth@0.2.0:
    resolution: {integrity: sha512-I88TYZWc9XiYHRQ4/3c5rjjfgkjhLyW2luGIheGERbNQ6OY7yTybanSpDXZa8y7VUP9YmDcYa+eyq4ca7iLqWA==}

  emoji-regex@8.0.0:
    resolution: {integrity: sha512-MSjYzcWNOA0ewAHpz0MxpYFvwg6yjy1NG3xteoqz644VCo/RPgnr1/GGt+ic3iJTzQ8Eu3TdM14SawnVUmGE6A==}

  emoji-regex@9.2.2:
    resolution: {integrity: sha512-L18DaJsXSUk2+42pv8mLs5jJT2hqFkFE4j21wOmgbUqsZ2hL72NsUU785g9RXgo3s0ZNgVl42TiHp3ZtOv/Vyg==}

  execa@5.1.1:
    resolution: {integrity: sha512-8uSpZZocAZRBAPIEINJj3Lo9HyGitllczc27Eh5YYojjMFMn8yHMDMaUHE2Jqfq05D/wucwI4JGURyXt1vchyg==}
    engines: {node: '>=10'}

  exif-parser@0.1.12:
    resolution: {integrity: sha512-c2bQfLNbMzLPmzQuOr8fy0csy84WmwnER81W88DzTp9CYNPJ6yzOj2EZAh9pywYpqHnshVLHQJ8WzldAyfY+Iw==}

  fast-deep-equal@3.1.3:
    resolution: {integrity: sha512-f3qQ9oQy9j2AhBe/H9VC91wLmKBCCU/gDOnKNAYG5hswO7BLKj09Hc5HYNz9cGI++xlpDCIgDaitVs03ATR84Q==}

  file-type@9.0.0:
    resolution: {integrity: sha512-Qe/5NJrgIOlwijpq3B7BEpzPFcgzggOTagZmkXQY4LA6bsXKTUstK7Wp12lEJ/mLKTpvIZxmIuRcLYWT6ov9lw==}
    engines: {node: '>=6'}

  follow-redirects@1.15.11:
    resolution: {integrity: sha512-deG2P0JfjrTxl50XGCDyfI97ZGVCxIpfKYmfyrQ54n5FO/0gfIES8C/Psl6kWVDolizcaaxZJnTS0QSMxvnsBQ==}
    engines: {node: '>=4.0'}
    peerDependencies:
      debug: '*'
    peerDependenciesMeta:
      debug:
        optional: true

  get-stream@6.0.1:
    resolution: {integrity: sha512-ts6Wi+2j3jQjqi70w5AlN8DFnkSwC+MqmxEzdEALB2qXZYV3X/b1CTfgPLGJNMeAWxdPfU8FO1ms3NUfaHCPYg==}
    engines: {node: '>=10'}

  global@4.4.0:
    resolution: {integrity: sha512-wv/LAoHdRE3BeTGz53FAamhGlPLhlssK45usmGFThIi4XqnBmjKQ16u+RNbP7WvigRZDxUsM0J3gcQ5yicaL0w==}

  has-flag@4.0.0:
    resolution: {integrity: sha512-EykJT/Q1KjTWctppgIAgfSO0tKVuZUjhgMr17kqTumMl6Afv3EISleU7qZUzoXDFTAHTDC4NOoG/ZxU3EvlMPQ==}
    engines: {node: '>=8'}

  human-signals@2.1.0:
    resolution: {integrity: sha512-B4FFZ6q/T2jhhksgkbEW3HBvWIfDW85snkQgawt07S7J5QXTk6BkNV+0yAeZrM5QpMAdYlocGoljn0sJ/WQkFw==}
    engines: {node: '>=10.17.0'}

  ieee754@1.2.1:
    resolution: {integrity: sha512-dcyqhDvX1C46lXZcVqCpK+FtMRQVdIMN6/Df5js2zouUsqG7I6sFxitIC+7KYK29KdXOLHdu9zL4sFnoVQnqaA==}

  ini@1.3.8:
    resolution: {integrity: sha512-JV/yugV2uzW5iMRSiZAyDtQd+nxtUnjeLt0acNdw98kKLrvuRVyB80tsREOE7yvGVgalhZ6RNXCmEHkUKBKxew==}

  is-docker@2.2.1:
    resolution: {integrity: sha512-F+i2BKsFrH66iaUFc0woD8sLy8getkwTwtOBjvs56Cx4CgJDeKQeqfz8wAYiSb8JOprWhHH5p77PbmYCvvUuXQ==}
    engines: {node: '>=8'}
    hasBin: true

  is-fullwidth-code-point@3.0.0:
    resolution: {integrity: sha512-zymm5+u+sCsSWyD9qNaejV3DFvhCKclKdizYaJUuHA83RLjb7nSuGnddCHGv0hk+KY7BMAlsWeK4Ueg6EV6XQg==}
    engines: {node: '>=8'}

  is-function@1.0.2:
    resolution: {integrity: sha512-lw7DUp0aWXYg+CBCN+JKkcE0Q2RayZnSvnZBlwgxHBQhqt5pZNVy4Ri7H9GmmXkdu7LUthszM+Tor1u/2iBcpQ==}

  is-port-reachable@4.0.0:
    resolution: {integrity: sha512-9UoipoxYmSk6Xy7QFgRv2HDyaysmgSG75TFQs6S+3pDM7ZhKTF/bskZV+0UlABHzKjNVhPjYCLfeZUEg1wXxig==}
    engines: {node: ^12.20.0 || ^14.13.1 || >=16.0.0}

  is-stream@2.0.1:
    resolution: {integrity: sha512-hFoiJiTl63nn+kstHGBtewWSKnQLpyb155KHheA1l39uvtO9nWIop1p3udqPcUd/xbF1VLMO4n7OI6p7RbngDg==}
    engines: {node: '>=8'}

  is-wsl@2.2.0:
    resolution: {integrity: sha512-fKzAra0rGJUUBwGBgNkHZuToZcn+TtXHpeCgmkMJMMYx1sQDYaCSyjJBSCa2nH1DGm7s3n1oBnohoVTBaN7Lww==}
    engines: {node: '>=8'}

  isexe@2.0.0:
    resolution: {integrity: sha512-RHxMLp9lnKHGHRng9QFhRCMbYAcVpn69smSGcq3f36xjgVVWThj4qqLbTLlq7Ssj8B+fIQ1EuCEGI2lKsyQeIw==}

  jimp@0.6.8:
    resolution: {integrity: sha512-F7emeG7Hp61IM8VFbNvWENLTuHe0ghizWPuP4JS9ujx2r5mCVYEd/zdaz6M2M42ZdN41blxPajLWl9FXo7Mr2Q==}

  jpeg-js@0.3.7:
    resolution: {integrity: sha512-9IXdWudL61npZjvLuVe/ktHiA41iE8qFyLB+4VDTblEsWBzeg8WQTlktdUK4CdncUqtUgUg0bbOmTE2bKBKaBQ==}

  json-schema-traverse@1.0.0:
    resolution: {integrity: sha512-NM8/P9n3XjXhIZn1lLhkFaACTOURQXjWhV4BA/RnOv8xvgqtqpAX9IO4mRQxSx1Rlo4tqzeqb0sOlruaOy3dug==}

  licia@1.48.0:
    resolution: {integrity: sha512-bBWiT5CSdEtwuAHiYTJ74yItCjIFdHi4xiFk6BRDfKa+sdCpkUHp69YKb5udNOJlHDzFjNjcMgNZ/+wQIHrB8A==}

  load-bmfont@1.4.2:
    resolution: {integrity: sha512-qElWkmjW9Oq1F9EI5Gt7aD9zcdHb9spJCW1L/dmPf7KzCCEJxq8nhHz5eCgI9aMf7vrG/wyaCqdsI+Iy9ZTlog==}

  merge-stream@2.0.0:
    resolution: {integrity: sha512-abv/qOcuPfk3URPfDzmZU1LKmuw8kT+0nIHvKrKgFrwifol/doWcdA4ZqsWQ8ENrFKkd67Mfpo/LovbIUsbt3w==}

  mime-db@1.33.0:
    resolution: {integrity: sha512-BHJ/EKruNIqJf/QahvxwQZXKygOQ256myeN/Ew+THcAa5q+PjyTTMMeNQC4DZw5AwfvelsUrA6B67NKMqXDbzQ==}
    engines: {node: '>= 0.6'}

  mime-db@1.54.0:
    resolution: {integrity: sha512-aU5EJuIN2WDemCcAp2vFBfp/m4EAhWJnUNSSw0ixs7/kXbd6Pg64EmwJkNdFhB8aWt1sH2CTXrLxo/iAGV3oPQ==}
    engines: {node: '>= 0.6'}

  mime-types@2.1.18:
    resolution: {integrity: sha512-lc/aahn+t4/SWV/qcmumYjymLsWfN3ELhpmVuUFjgsORruuZPVSwAQryq+HHGvO/SI2KVX26bx+En+zhM8g8hQ==}
    engines: {node: '>= 0.6'}

  mime@1.6.0:
    resolution: {integrity: sha512-x0Vn8spI+wuJ1O6S7gnbaQg8Pxh4NNHb7KSINmEWKiPE4RKOplvijn+NkmYmmRgP68mc70j2EbeTFRsrswaQeg==}
    engines: {node: '>=4'}
    hasBin: true

  mimic-fn@2.1.0:
    resolution: {integrity: sha512-OqbOk5oEQeAZ8WXWydlu9HJjz9WVdEIvamMCcXmuqUYjTknH/sqsWvhQ3vgwKFRR1HpjvNBKQ37nbJgYzGqGcg==}
    engines: {node: '>=6'}

  min-document@2.19.2:
    resolution: {integrity: sha512-8S5I8db/uZN8r9HSLFVWPdJCvYOejMcEC82VIzNUc6Zkklf/d1gg2psfE79/vyhWOj4+J8MtwmoOz3TmvaGu5A==}

  minimatch@3.1.2:
    resolution: {integrity: sha512-J7p63hRiAjw1NDEww1W7i37+ByIrOWO5XQQAzZ3VOcL0PNybwpfmV/N05zFAzwQ9USyEcX6t3UO+K5aqBQOIHw==}

  minimist@0.0.8:
    resolution: {integrity: sha512-miQKw5Hv4NS1Psg2517mV4e4dYNaO3++hjAvLOAzKqZ61rH8NS1SK+vbfBWZ5PY/Me/bEWhUwqMghEW5Fb9T7Q==}

  minimist@1.2.8:
    resolution: {integrity: sha512-2yyAR8qBkN3YuheJanUpWC5U3bb5osDywNB8RzDVlDwDHbocAJveqqj1u8+SVD7jkWT4yvsHCpWqqWqAxb0zCA==}

  miniprogram-automator@0.12.1:
    resolution: {integrity: sha512-HIzpx9FuDJZjRCi8dx39E2IWNiSD6mAPEnZ3yC8ahl31o+2uphPINWhWSGN03CReb9ZvcNBuBGNjnwRBhVm4NQ==}

  mkdirp@0.5.1:
    resolution: {integrity: sha512-SknJC52obPfGQPnjIkXbmA6+5H15E+fR+E4iR2oQ3zzCLbd7/ONua69R/Gw7AgkTLsRG+r5fzksYwWe1AgTyWA==}
    deprecated: Legacy versions of mkdirp are no longer supported. Please update to mkdirp 1.x. (Note that the API surface has changed to use Promises in 1.x.)
    hasBin: true

  ms@2.0.0:
    resolution: {integrity: sha512-Tpp60P6IUJDTuOq/5Z8cdskzJujfwqfOTkrwIwj7IRISpnkJnT6SyJ4PCPnGMoFjC9ddhal5KVIYtAt97ix05A==}

  ms@2.1.3:
    resolution: {integrity: sha512-6FlzubTLZG3J2a/NVCAleEhjzq5oxgHyaCU9yYXvcLsvoVaHJq/s5xXI6/XXP6tz7R9xAOtHnSO/tXtF3WRTlA==}

  negotiator@0.6.4:
    resolution: {integrity: sha512-myRT3DiWPHqho5PrJaIRyaMv2kgYf0mUVgBNOYMuCH5Ki1yEiQaf/ZJuQ62nvpc44wL5WDbTX7yGJi1Neevw8w==}
    engines: {node: '>= 0.6'}

  npm-run-path@4.0.1:
    resolution: {integrity: sha512-S48WzZW777zhNIrn7gxOlISNAqi9ZC/uQFnRdbeIHhZhCA6UqpkOT8T1G7BvfdgP4Er8gF4sUbaS0i7QvIfCWw==}
    engines: {node: '>=8'}

  omggif@1.0.10:
    resolution: {integrity: sha512-LMJTtvgc/nugXj0Vcrrs68Mn2D1r0zf630VNtqtpI1FEO7e+O9FP4gqs9AcnBaSEeoHIPm28u6qgPR0oyEpGSw==}

  on-headers@1.1.0:
    resolution: {integrity: sha512-737ZY3yNnXy37FHkQxPzt4UZ2UWPWiCZWLvFZ4fu5cueciegX0zGPnrlY6bwRg4FdQOe9YU8MkmJwGhoMybl8A==}
    engines: {node: '>= 0.8'}

  onetime@5.1.2:
    resolution: {integrity: sha512-kbpaSSGJTWdAY5KPVeMOKXSrPtr8C8C7wodJbcsd51jRnmD+GZu8Y0VoU6Dm5Z4vWr0Ig/1NKuWRKf7j5aaYSg==}
    engines: {node: '>=6'}

  pako@1.0.11:
    resolution: {integrity: sha512-4hLB8Py4zZce5s4yd9XzopqwVv/yGNhV1Bl8NTmCq1763HeK2+EwVTv+leGeL13Dnh2wfbqowVPXCIO0z4taYw==}

  parse-bmfont-ascii@1.0.6:
    resolution: {integrity: sha512-U4RrVsUFCleIOBsIGYOMKjn9PavsGOXxbvYGtMOEfnId0SVNsgehXh1DxUdVPLoxd5mvcEtvmKs2Mmf0Mpa1ZA==}

  parse-bmfont-binary@1.0.6:
    resolution: {integrity: sha512-GxmsRea0wdGdYthjuUeWTMWPqm2+FAd4GI8vCvhgJsFnoGhTrLhXDDupwTo7rXVAgaLIGoVHDZS9p/5XbSqeWA==}

  parse-bmfont-xml@1.1.6:
    resolution: {integrity: sha512-0cEliVMZEhrFDwMh4SxIyVJpqYoOWDJ9P895tFuS+XuNzI5UBmBk5U5O4KuJdTnZpSBI4LFA2+ZiJaiwfSwlMA==}

  parse-headers@2.0.6:
    resolution: {integrity: sha512-Tz11t3uKztEW5FEVZnj1ox8GKblWn+PvHY9TmJV5Mll2uHEwRdR/5Li1OlXoECjLYkApdhWy44ocONwXLiKO5A==}

  path-is-inside@1.0.2:
    resolution: {integrity: sha512-DUWJr3+ULp4zXmol/SZkFf3JGsS9/SIv+Y3Rt93/UjPpDpklB5f1er4O3POIbUuUJ3FXgqte2Q7SrU6zAqwk8w==}

  path-key@3.1.1:
    resolution: {integrity: sha512-ojmeN0qd+y0jszEtoY48r0Peq5dwMEkIlCOu6Q5f41lfkswXuKtYrhgoTpLnyIcHm24Uhqx+5Tqm2InSwLhE6Q==}
    engines: {node: '>=8'}

  path-to-regexp@3.3.0:
    resolution: {integrity: sha512-qyCH421YQPS2WFDxDjftfc1ZR5WKQzVzqsp4n9M2kQhVOo/ByahFoUNJfl58kOcEGfQ//7weFTDhm+ss8Ecxgw==}

  phin@2.9.3:
    resolution: {integrity: sha512-CzFr90qM24ju5f88quFC/6qohjC144rehe5n6DH900lgXmUe86+xCKc10ev56gRKC4/BkHUoG4uSiQgBiIXwDA==}
    deprecated: Package no longer supported. Contact Support at https://www.npmjs.com/support for more info.

  phin@3.7.1:
    resolution: {integrity: sha512-GEazpTWwTZaEQ9RhL7Nyz0WwqilbqgLahDM3D0hxWwmVDI52nXEybHqiN6/elwpkJBhcuj+WbBu+QfT0uhPGfQ==}
    engines: {node: '>= 8'}
    deprecated: Package no longer supported. Contact Support at https://www.npmjs.com/support for more info.

  pixelmatch@4.0.2:
    resolution: {integrity: sha512-J8B6xqiO37sU/gkcMglv6h5Jbd9xNER7aHzpfRdNmV4IbQBzBpe4l9XmbG+xPF/znacgu2jfEw+wHffaq/YkXA==}
    hasBin: true

  pngjs@3.4.0:
    resolution: {integrity: sha512-NCrCHhWmnQklfH4MtJMRjZ2a8c80qXeMlQMv2uVp9ISJMTt562SbGd6n2oq0PaPgKm7Z6pL9E2UlLIhC+SHL3w==}
    engines: {node: '>=4.0.0'}

  process@0.11.10:
    resolution: {integrity: sha512-cdGef/drWFoydD1JsMzuFf8100nZl+GT+yacc2bEced5f9Rjk4z+WtFUTBu9PhOi9j/jfmBPu0mMEY4wIdAF8A==}
    engines: {node: '>= 0.6.0'}

  punycode@2.3.1:
    resolution: {integrity: sha512-vYt7UD1U9Wg6138shLtLOvdAu+8DsC/ilFtEVHcH+wydcSpNE20AfSOduf6MkRFahL5FY7X1oU7nKVZFtfq8Fg==}
    engines: {node: '>=6'}

  qrcode-reader@1.0.4:
    resolution: {integrity: sha512-rRjALGNh9zVqvweg1j5OKIQKNsw3bLC+7qwlnead5K/9cb1cEIAGkwikt/09U0K+2IDWGD9CC6SP7tHAjUeqvQ==}

  qrcode-terminal@0.12.0:
    resolution: {integrity: sha512-EXtzRZmC+YGmGlDFbXKxQiMZNwCLEO6BANKXG4iCtSIM0yqc/pappSx3RIKr4r0uh5JsBckOXeKrB3Iz7mdQpQ==}
    hasBin: true

  range-parser@1.2.0:
    resolution: {integrity: sha512-kA5WQoNVo4t9lNx2kQNFCxKeBl5IbbSNBl1M/tLkw9WCn+hxNBAW5Qh8gdhs63CJnhjJ2zQWFoqPJP2sK1AV5A==}
    engines: {node: '>= 0.6'}

  rc@1.2.8:
    resolution: {integrity: sha512-y3bGgqKj3QBdxLbLkomlohkvsA8gdAiUQlSBJnBhfn+BPxg4bc62d8TcBW15wavDfgexCgccckhcZvywyQYPOw==}
    hasBin: true

  regenerator-runtime@0.13.11:
    resolution: {integrity: sha512-kY1AZVr2Ra+t+piVaJ4gxaFaReZVH40AKNo7UCX6W+dEwBo/2oZJzqfuN1qLq1oL45o56cPaTXELwrTh8Fpggg==}

  registry-auth-token@3.3.2:
    resolution: {integrity: sha512-JL39c60XlzCVgNrO+qq68FoNb56w/m7JYvGR2jT5iR1xBrUA3Mfx5Twk5rqTThPmQKMWydGmq8oFtDlxfrmxnQ==}

  registry-url@3.1.0:
    resolution: {integrity: sha512-ZbgR5aZEdf4UKZVBPYIgaglBmSF2Hi94s2PcIHhRGFjKYu+chjJdYfHn4rt3hB6eCKLJ8giVIIfgMa1ehDfZKA==}
    engines: {node: '>=0.10.0'}

  require-from-string@2.0.2:
    resolution: {integrity: sha512-Xf0nWe6RseziFMu+Ap9biiUbmplq6S9/p+7w7YXP/JBHhrUDDUhwa+vANyubuqfZWTveU//DYVGsDG7RKL/vEw==}
    engines: {node: '>=0.10.0'}

  safe-buffer@5.2.1:
    resolution: {integrity: sha512-rp3So07KcdmmKbGvgaNxQSJr7bGVSVk5S9Eq1F+ppbRo70+YeaDxkw5Dd8NPN+GD6bjnYm2VuPuCXmpuYvmCXQ==}

  sax@1.4.4:
    resolution: {integrity: sha512-1n3r/tGXO6b6VXMdFT54SHzT9ytu9yr7TaELowdYpMqY/Ao7EnlQGmAQ1+RatX7Tkkdm6hONI2owqNx2aZj5Sw==}
    engines: {node: '>=11.0.0'}

  serve-handler@6.1.6:
    resolution: {integrity: sha512-x5RL9Y2p5+Sh3D38Fh9i/iQ5ZK+e4xuXRd/pGbM4D13tgo/MGwbttUk8emytcr1YYzBYs+apnUngBDFYfpjPuQ==}

  serve@14.2.5:
    resolution: {integrity: sha512-Qn/qMkzCcMFVPb60E/hQy+iRLpiU8PamOfOSYoAHmmF+fFFmpPpqa6Oci2iWYpTdOUM3VF+TINud7CfbQnsZbA==}
    engines: {node: '>= 14'}
    hasBin: true

  shebang-command@2.0.0:
    resolution: {integrity: sha512-kHxr2zZpYtdmrN1qDjrrX/Z1rR1kG8Dx+gkpK1G4eXmvXswmcE1hTWBWYUzlraYw1/yZp6YuDY77YtvbN0dmDA==}
    engines: {node: '>=8'}

  shebang-regex@3.0.0:
    resolution: {integrity: sha512-7++dFhtcx3353uBaq8DDR4NuxBetBzC7ZQOhmTQInHEd6bSrXdiEyzCvG07Z44UYdLShWUyXt5M/yhz8ekcb1A==}
    engines: {node: '>=8'}

  signal-exit@3.0.7:
    resolution: {integrity: sha512-wnD2ZE+l+SPC/uoS0vXeE9L1+0wuaMqKlfz9AMUo38JsyLSBWSFcHR1Rri62LZc12vLr1gb3jl7iwQhgwpAbGQ==}

  string-width@4.2.3:
    resolution: {integrity: sha512-wKyQRQpjJ0sIp62ErSZdGsjMJWsap5oRNihHhu6G7JVO/9jIB6UyevL+tXuOqrng8j/cxKTWyWUwvSTriiZz/g==}
    engines: {node: '>=8'}

  string-width@5.1.2:
    resolution: {integrity: sha512-HnLOCR3vjcY8beoNLtcjZ5/nxn2afmME6lhrDrebokqMap+XbeW8n9TXpPDOqdGK5qcI3oT0GKTW6wC7EMiVqA==}
    engines: {node: '>=12'}

  strip-ansi@6.0.1:
    resolution: {integrity: sha512-Y38VPSHcqkFrCpFnQ9vuSXmquuv5oXOKpGeT6aGrr3o3Gc9AlVa6JBfUSOCnbxGGZF+/0ooI7KrPuUSztUdU5A==}
    engines: {node: '>=8'}

  strip-ansi@7.1.2:
    resolution: {integrity: sha512-gmBGslpoQJtgnMAvOVqGZpEz9dyoKTCzy2nfz/n8aIFhN/jCE/rCmcxabB6jOOHV+0WNnylOxaxBQPSvcWklhA==}
    engines: {node: '>=12'}

  strip-final-newline@2.0.0:
    resolution: {integrity: sha512-BrpvfNAE3dcvq7ll3xVumzjKjZQ5tI1sEUIKr3Uoks0XUl45St3FlatVqef9prk4jRDzhW6WZg+3bk93y6pLjA==}
    engines: {node: '>=6'}

  strip-json-comments@2.0.1:
    resolution: {integrity: sha512-4gB8na07fecVVkOI6Rs4e7T6NOTki5EmL7TUduTs6bu3EdnSycntVJ4re8kgZA+wx9IueI2Y11bfbgwtzuE0KQ==}
    engines: {node: '>=0.10.0'}

  supports-color@7.2.0:
    resolution: {integrity: sha512-qpCAvRl9stuOHveKsn7HncJRvv501qIacKzQlO/+Lwxc9+0q2wLyv4Dfvt80/DPn2pqOBsJdDiogXGR9+OvwRw==}
    engines: {node: '>=8'}

  timm@1.7.1:
    resolution: {integrity: sha512-IjZc9KIotudix8bMaBW6QvMuq64BrJWFs1+4V0lXwWGQZwH+LnX87doAYhem4caOEusRP9/g6jVDQmZ8XOk1nw==}

  tinycolor2@1.6.0:
    resolution: {integrity: sha512-XPaBkWQJdsf3pLKJV9p4qN/S+fm2Oj8AIPo1BTUhg5oxkvm9+SVEGFdhyOz7tTdUTfvxMiAs4sp6/eZO2Ew+pw==}

  type-fest@2.19.0:
    resolution: {integrity: sha512-RAH822pAdBgcNMAfWnCBU3CFZcfZ/i1eZjwFU/dsLKumyuuP3niueg2UAukXYF0E2AAoc82ZSSf9J0WQBinzHA==}
    engines: {node: '>=12.20'}

  update-check@1.5.4:
    resolution: {integrity: sha512-5YHsflzHP4t1G+8WGPlvKbJEbAJGCgw+Em+dGR1KmBUbr1J36SJBqlHLjR7oob7sco5hWHGQVcr9B2poIVDDTQ==}

  uri-js@4.4.1:
    resolution: {integrity: sha512-7rKUyy33Q1yc98pQ1DAmLtwX109F7TIfWlW1Ydo8Wl1ii1SeHieeh0HHfPeL2fMXK6z0s8ecKs9frCuLJvndBg==}

  utif@2.0.1:
    resolution: {integrity: sha512-Z/S1fNKCicQTf375lIP9G8Sa1H/phcysstNrrSdZKj1f9g58J4NMgb5IgiEZN9/nLMPDwF0W7hdOe9Qq2IYoLg==}

  vary@1.1.2:
    resolution: {integrity: sha512-BNGbWLfd0eUPabhkXUVm0j8uuvREyTh5ovRa/dyow/BqAbZJyC+5fU+IzQOzmAKzYqYRAISoRhdQr3eIZ/PXqg==}
    engines: {node: '>= 0.8'}

  which@2.0.2:
    resolution: {integrity: sha512-BLI3Tl1TW3Pvl70l3yq3Y64i+awpwXqsGBYWkkqMtnbXgrMD+yj7rhW0kuEDxzJaYXGjEW5ogapKNMEKNMjibA==}
    engines: {node: '>= 8'}
    hasBin: true

  widest-line@4.0.1:
    resolution: {integrity: sha512-o0cyEG0e8GPzT4iGHphIOh0cJOV8fivsXxddQasHPHfoZf1ZexrfeA21w2NaEN1RHE+fXlfISmOE8R9N3u3Qig==}
    engines: {node: '>=12'}

  wrap-ansi@8.1.0:
    resolution: {integrity: sha512-si7QWI6zUMq56bESFvagtmzMdGOtoxfR+Sez11Mobfc7tm+VkUckk9bW2UeffTGVUbOksxmSw0AA2gs8g71NCQ==}
    engines: {node: '>=12'}

  ws@6.2.3:
    resolution: {integrity: sha512-jmTjYU0j60B+vHey6TfR3Z7RD61z/hmxBS3VMSGIrroOWXQEneK1zNuotOUrGyBHQj0yrpsLHPWtigEFd13ndA==}
    peerDependencies:
      bufferutil: ^4.0.1
      utf-8-validate: ^5.0.2
    peerDependenciesMeta:
      bufferutil:
        optional: true
      utf-8-validate:
        optional: true

  xhr@2.6.0:
    resolution: {integrity: sha512-/eCGLb5rxjx5e3mF1A7s+pLlR6CGyqWN91fv1JgER5mVWg1MZmlhBvy9kjcsOdRk8RrIujotWyJamfyrp+WIcA==}

  xml-parse-from-string@1.0.1:
    resolution: {integrity: sha512-ErcKwJTF54uRzzNMXq2X5sMIy88zJvfN2DmdoQvy7PAFJ+tPRU6ydWuOKNMyfmOjdyBQTFREi60s0Y0SyI0G0g==}

  xml2js@0.5.0:
    resolution: {integrity: sha512-drPFnkQJik/O+uPKpqSgr22mpuFHqKdbS835iAQrUC73L2F5WkboIRd63ai/2Yg6I1jzifPFKH2NTK+cfglkIA==}
    engines: {node: '>=4.0.0'}

  xmlbuilder@11.0.1:
    resolution: {integrity: sha512-fDlsI/kFEx7gLvbecc0/ohLG50fugQp8ryHzMTuW9vSa1GJ0XYWKnhsUx7oie3G98+r56aTQIUB4kht42R3JvA==}
    engines: {node: '>=4.0'}

  xtend@4.0.2:
    resolution: {integrity: sha512-LKYU1iAXJXUgAXn9URjiu+MWhyUXHsvfp7mcuYm9dSUKK0/CjtrUwFAxD82/mCWbtLsGjFIad0wIsod4zrTAEQ==}
    engines: {node: '>=0.4'}

snapshots:

  '@jimp/bmp@0.6.8(@jimp/custom@0.6.8(debug@4.4.3))':
    dependencies:
      '@jimp/custom': 0.6.8(debug@4.4.3)
      '@jimp/utils': 0.6.8
      bmp-js: 0.1.0
      core-js: 2.6.12

  '@jimp/core@0.6.8(debug@4.4.3)':
    dependencies:
      '@jimp/utils': 0.6.8
      any-base: 1.1.0
      buffer: 5.7.1
      core-js: 2.6.12
      exif-parser: 0.1.12
      file-type: 9.0.0
      load-bmfont: 1.4.2(debug@4.4.3)
      mkdirp: 0.5.1
      phin: 2.9.3
      pixelmatch: 4.0.2
      tinycolor2: 1.6.0
    transitivePeerDependencies:
      - debug

  '@jimp/custom@0.6.8(debug@4.4.3)':
    dependencies:
      '@jimp/core': 0.6.8(debug@4.4.3)
      core-js: 2.6.12
    transitivePeerDependencies:
      - debug

  '@jimp/gif@0.6.8(@jimp/custom@0.6.8(debug@4.4.3))':
    dependencies:
      '@jimp/custom': 0.6.8(debug@4.4.3)
      '@jimp/utils': 0.6.8
      core-js: 2.6.12
      omggif: 1.0.10

  '@jimp/jpeg@0.6.8(@jimp/custom@0.6.8(debug@4.4.3))':
    dependencies:
      '@jimp/custom': 0.6.8(debug@4.4.3)
      '@jimp/utils': 0.6.8
      core-js: 2.6.12
      jpeg-js: 0.3.7

  '@jimp/plugin-blit@0.6.8(@jimp/custom@0.6.8)':
    dependencies:
      '@jimp/custom': 0.6.8(debug@4.4.3)
      '@jimp/utils': 0.6.8
      core-js: 2.6.12

  '@jimp/plugin-blur@0.6.8(@jimp/custom@0.6.8(debug@4.4.3))':
    dependencies:
      '@jimp/custom': 0.6.8(debug@4.4.3)
      '@jimp/utils': 0.6.8
      core-js: 2.6.12

  '@jimp/plugin-color@0.6.8(@jimp/custom@0.6.8(debug@4.4.3))':
    dependencies:
      '@jimp/custom': 0.6.8(debug@4.4.3)
      '@jimp/utils': 0.6.8
      core-js: 2.6.12
      tinycolor2: 1.6.0

  '@jimp/plugin-contain@0.6.8(@jimp/custom@0.6.8(debug@4.4.3))(@jimp/plugin-blit@0.6.8(@jimp/custom@0.6.8))(@jimp/plugin-resize@0.6.8(@jimp/custom@0.6.8))(@jimp/plugin-scale@0.6.8(@jimp/custom@0.6.8)(@jimp/plugin-resize@0.6.8(@jimp/custom@0.6.8)))':
    dependencies:
      '@jimp/custom': 0.6.8(debug@4.4.3)
      '@jimp/plugin-blit': 0.6.8(@jimp/custom@0.6.8)
      '@jimp/plugin-resize': 0.6.8(@jimp/custom@0.6.8)
      '@jimp/plugin-scale': 0.6.8(@jimp/custom@0.6.8)(@jimp/plugin-resize@0.6.8(@jimp/custom@0.6.8))
      '@jimp/utils': 0.6.8
      core-js: 2.6.12

  '@jimp/plugin-cover@0.6.8(@jimp/custom@0.6.8(debug@4.4.3))(@jimp/plugin-crop@0.6.8(@jimp/custom@0.6.8))(@jimp/plugin-resize@0.6.8(@jimp/custom@0.6.8))(@jimp/plugin-scale@0.6.8(@jimp/custom@0.6.8)(@jimp/plugin-resize@0.6.8(@jimp/custom@0.6.8)))':
    dependencies:
      '@jimp/custom': 0.6.8(debug@4.4.3)
      '@jimp/plugin-crop': 0.6.8(@jimp/custom@0.6.8)
      '@jimp/plugin-resize': 0.6.8(@jimp/custom@0.6.8)
      '@jimp/plugin-scale': 0.6.8(@jimp/custom@0.6.8)(@jimp/plugin-resize@0.6.8(@jimp/custom@0.6.8))
      '@jimp/utils': 0.6.8
      core-js: 2.6.12

  '@jimp/plugin-crop@0.6.8(@jimp/custom@0.6.8)':
    dependencies:
      '@jimp/custom': 0.6.8(debug@4.4.3)
      '@jimp/utils': 0.6.8
      core-js: 2.6.12

  '@jimp/plugin-displace@0.6.8(@jimp/custom@0.6.8(debug@4.4.3))':
    dependencies:
      '@jimp/custom': 0.6.8(debug@4.4.3)
      '@jimp/utils': 0.6.8
      core-js: 2.6.12

  '@jimp/plugin-dither@0.6.8(@jimp/custom@0.6.8(debug@4.4.3))':
    dependencies:
      '@jimp/custom': 0.6.8(debug@4.4.3)
      '@jimp/utils': 0.6.8
      core-js: 2.6.12

  '@jimp/plugin-flip@0.6.8(@jimp/custom@0.6.8(debug@4.4.3))(@jimp/plugin-rotate@0.6.8(@jimp/custom@0.6.8)(@jimp/plugin-blit@0.6.8(@jimp/custom@0.6.8))(@jimp/plugin-crop@0.6.8(@jimp/custom@0.6.8))(@jimp/plugin-resize@0.6.8(@jimp/custom@0.6.8)))':
    dependencies:
      '@jimp/custom': 0.6.8(debug@4.4.3)
      '@jimp/plugin-rotate': 0.6.8(@jimp/custom@0.6.8)(@jimp/plugin-blit@0.6.8(@jimp/custom@0.6.8))(@jimp/plugin-crop@0.6.8(@jimp/custom@0.6.8))(@jimp/plugin-resize@0.6.8(@jimp/custom@0.6.8))
      '@jimp/utils': 0.6.8
      core-js: 2.6.12

  '@jimp/plugin-gaussian@0.6.8(@jimp/custom@0.6.8(debug@4.4.3))':
    dependencies:
      '@jimp/custom': 0.6.8(debug@4.4.3)
      '@jimp/utils': 0.6.8
      core-js: 2.6.12

  '@jimp/plugin-invert@0.6.8(@jimp/custom@0.6.8(debug@4.4.3))':
    dependencies:
      '@jimp/custom': 0.6.8(debug@4.4.3)
      '@jimp/utils': 0.6.8
      core-js: 2.6.12

  '@jimp/plugin-mask@0.6.8(@jimp/custom@0.6.8(debug@4.4.3))':
    dependencies:
      '@jimp/custom': 0.6.8(debug@4.4.3)
      '@jimp/utils': 0.6.8
      core-js: 2.6.12

  '@jimp/plugin-normalize@0.6.8(@jimp/custom@0.6.8(debug@4.4.3))':
    dependencies:
      '@jimp/custom': 0.6.8(debug@4.4.3)
      '@jimp/utils': 0.6.8
      core-js: 2.6.12

  '@jimp/plugin-print@0.6.8(@jimp/custom@0.6.8(debug@4.4.3))(@jimp/plugin-blit@0.6.8(@jimp/custom@0.6.8))(debug@4.4.3)':
    dependencies:
      '@jimp/custom': 0.6.8(debug@4.4.3)
      '@jimp/plugin-blit': 0.6.8(@jimp/custom@0.6.8)
      '@jimp/utils': 0.6.8
      core-js: 2.6.12
      load-bmfont: 1.4.2(debug@4.4.3)
    transitivePeerDependencies:
      - debug

  '@jimp/plugin-resize@0.6.8(@jimp/custom@0.6.8)':
    dependencies:
      '@jimp/custom': 0.6.8(debug@4.4.3)
      '@jimp/utils': 0.6.8
      core-js: 2.6.12

  '@jimp/plugin-rotate@0.6.8(@jimp/custom@0.6.8)(@jimp/plugin-blit@0.6.8(@jimp/custom@0.6.8))(@jimp/plugin-crop@0.6.8(@jimp/custom@0.6.8))(@jimp/plugin-resize@0.6.8(@jimp/custom@0.6.8))':
    dependencies:
      '@jimp/custom': 0.6.8(debug@4.4.3)
      '@jimp/plugin-blit': 0.6.8(@jimp/custom@0.6.8)
      '@jimp/plugin-crop': 0.6.8(@jimp/custom@0.6.8)
      '@jimp/plugin-resize': 0.6.8(@jimp/custom@0.6.8)
      '@jimp/utils': 0.6.8
      core-js: 2.6.12

  '@jimp/plugin-scale@0.6.8(@jimp/custom@0.6.8)(@jimp/plugin-resize@0.6.8(@jimp/custom@0.6.8))':
    dependencies:
      '@jimp/custom': 0.6.8(debug@4.4.3)
      '@jimp/plugin-resize': 0.6.8(@jimp/custom@0.6.8)
      '@jimp/utils': 0.6.8
      core-js: 2.6.12

  '@jimp/plugins@0.6.8(@jimp/custom@0.6.8(debug@4.4.3))(debug@4.4.3)':
    dependencies:
      '@jimp/custom': 0.6.8(debug@4.4.3)
      '@jimp/plugin-blit': 0.6.8(@jimp/custom@0.6.8)
      '@jimp/plugin-blur': 0.6.8(@jimp/custom@0.6.8(debug@4.4.3))
      '@jimp/plugin-color': 0.6.8(@jimp/custom@0.6.8(debug@4.4.3))
      '@jimp/plugin-contain': 0.6.8(@jimp/custom@0.6.8(debug@4.4.3))(@jimp/plugin-blit@0.6.8(@jimp/custom@0.6.8))(@jimp/plugin-resize@0.6.8(@jimp/custom@0.6.8))(@jimp/plugin-scale@0.6.8(@jimp/custom@0.6.8)(@jimp/plugin-resize@0.6.8(@jimp/custom@0.6.8)))
      '@jimp/plugin-cover': 0.6.8(@jimp/custom@0.6.8(debug@4.4.3))(@jimp/plugin-crop@0.6.8(@jimp/custom@0.6.8))(@jimp/plugin-resize@0.6.8(@jimp/custom@0.6.8))(@jimp/plugin-scale@0.6.8(@jimp/custom@0.6.8)(@jimp/plugin-resize@0.6.8(@jimp/custom@0.6.8)))
      '@jimp/plugin-crop': 0.6.8(@jimp/custom@0.6.8)
      '@jimp/plugin-displace': 0.6.8(@jimp/custom@0.6.8(debug@4.4.3))
      '@jimp/plugin-dither': 0.6.8(@jimp/custom@0.6.8(debug@4.4.3))
      '@jimp/plugin-flip': 0.6.8(@jimp/custom@0.6.8(debug@4.4.3))(@jimp/plugin-rotate@0.6.8(@jimp/custom@0.6.8)(@jimp/plugin-blit@0.6.8(@jimp/custom@0.6.8))(@jimp/plugin-crop@0.6.8(@jimp/custom@0.6.8))(@jimp/plugin-resize@0.6.8(@jimp/custom@0.6.8)))
      '@jimp/plugin-gaussian': 0.6.8(@jimp/custom@0.6.8(debug@4.4.3))
      '@jimp/plugin-invert': 0.6.8(@jimp/custom@0.6.8(debug@4.4.3))
      '@jimp/plugin-mask': 0.6.8(@jimp/custom@0.6.8(debug@4.4.3))
      '@jimp/plugin-normalize': 0.6.8(@jimp/custom@0.6.8(debug@4.4.3))
      '@jimp/plugin-print': 0.6.8(@jimp/custom@0.6.8(debug@4.4.3))(@jimp/plugin-blit@0.6.8(@jimp/custom@0.6.8))(debug@4.4.3)
      '@jimp/plugin-resize': 0.6.8(@jimp/custom@0.6.8)
      '@jimp/plugin-rotate': 0.6.8(@jimp/custom@0.6.8)(@jimp/plugin-blit@0.6.8(@jimp/custom@0.6.8))(@jimp/plugin-crop@0.6.8(@jimp/custom@0.6.8))(@jimp/plugin-resize@0.6.8(@jimp/custom@0.6.8))
      '@jimp/plugin-scale': 0.6.8(@jimp/custom@0.6.8)(@jimp/plugin-resize@0.6.8(@jimp/custom@0.6.8))
      core-js: 2.6.12
      timm: 1.7.1
    transitivePeerDependencies:
      - debug

  '@jimp/png@0.6.8(@jimp/custom@0.6.8(debug@4.4.3))':
    dependencies:
      '@jimp/custom': 0.6.8(debug@4.4.3)
      '@jimp/utils': 0.6.8
      core-js: 2.6.12
      pngjs: 3.4.0

  '@jimp/tiff@0.6.8(@jimp/custom@0.6.8(debug@4.4.3))':
    dependencies:
      '@jimp/custom': 0.6.8(debug@4.4.3)
      core-js: 2.6.12
      utif: 2.0.1

  '@jimp/types@0.6.8(@jimp/custom@0.6.8(debug@4.4.3))':
    dependencies:
      '@jimp/bmp': 0.6.8(@jimp/custom@0.6.8(debug@4.4.3))
      '@jimp/custom': 0.6.8(debug@4.4.3)
      '@jimp/gif': 0.6.8(@jimp/custom@0.6.8(debug@4.4.3))
      '@jimp/jpeg': 0.6.8(@jimp/custom@0.6.8(debug@4.4.3))
      '@jimp/png': 0.6.8(@jimp/custom@0.6.8(debug@4.4.3))
      '@jimp/tiff': 0.6.8(@jimp/custom@0.6.8(debug@4.4.3))
      core-js: 2.6.12
      timm: 1.7.1

  '@jimp/utils@0.6.8':
    dependencies:
      core-js: 2.6.12

  '@zeit/schemas@2.36.0': {}

  ajv@8.12.0:
    dependencies:
      fast-deep-equal: 3.1.3
      json-schema-traverse: 1.0.0
      require-from-string: 2.0.2
      uri-js: 4.4.1

  ansi-align@3.0.1:
    dependencies:
      string-width: 4.2.3

  ansi-regex@5.0.1: {}

  ansi-regex@6.2.2: {}

  ansi-styles@4.3.0:
    dependencies:
      color-convert: 2.0.1

  ansi-styles@6.2.3: {}

  any-base@1.1.0: {}

  arch@2.2.0: {}

  arg@5.0.2: {}

  async-limiter@1.0.1: {}

  balanced-match@1.0.2: {}

  base64-js@1.5.1: {}

  bmp-js@0.1.0: {}

  boxen@7.0.0:
    dependencies:
      ansi-align: 3.0.1
      camelcase: 7.0.1
      chalk: 5.0.1
      cli-boxes: 3.0.0
      string-width: 5.1.2
      type-fest: 2.19.0
      widest-line: 4.0.1
      wrap-ansi: 8.1.0

  brace-expansion@1.1.12:
    dependencies:
      balanced-match: 1.0.2
      concat-map: 0.0.1

  buffer-equal@0.0.1: {}

  buffer@5.7.1:
    dependencies:
      base64-js: 1.5.1
      ieee754: 1.2.1

  bytes@3.0.0: {}

  bytes@3.1.2: {}

  camelcase@7.0.1: {}

  centra@2.7.0(debug@4.4.3):
    dependencies:
      follow-redirects: 1.15.11(debug@4.4.3)
    transitivePeerDependencies:
      - debug

  chalk-template@0.4.0:
    dependencies:
      chalk: 4.1.2

  chalk@4.1.2:
    dependencies:
      ansi-styles: 4.3.0
      supports-color: 7.2.0

  chalk@5.0.1: {}

  cli-boxes@3.0.0: {}

  clipboardy@3.0.0:
    dependencies:
      arch: 2.2.0
      execa: 5.1.1
      is-wsl: 2.2.0

  color-convert@2.0.1:
    dependencies:
      color-name: 1.1.4

  color-name@1.1.4: {}

  compressible@2.0.18:
    dependencies:
      mime-db: 1.54.0

  compression@1.8.1:
    dependencies:
      bytes: 3.1.2
      compressible: 2.0.18
      debug: 2.6.9
      negotiator: 0.6.4
      on-headers: 1.1.0
      safe-buffer: 5.2.1
      vary: 1.1.2
    transitivePeerDependencies:
      - supports-color

  concat-map@0.0.1: {}

  content-disposition@0.5.2: {}

  core-js@2.6.12: {}

  cross-spawn@7.0.6:
    dependencies:
      path-key: 3.1.1
      shebang-command: 2.0.0
      which: 2.0.2

  debug@2.6.9:
    dependencies:
      ms: 2.0.0

  debug@4.4.3:
    dependencies:
      ms: 2.1.3

  deep-extend@0.6.0: {}

  dom-walk@0.1.2: {}

  eastasianwidth@0.2.0: {}

  emoji-regex@8.0.0: {}

  emoji-regex@9.2.2: {}

  execa@5.1.1:
    dependencies:
      cross-spawn: 7.0.6
      get-stream: 6.0.1
      human-signals: 2.1.0
      is-stream: 2.0.1
      merge-stream: 2.0.0
      npm-run-path: 4.0.1
      onetime: 5.1.2
      signal-exit: 3.0.7
      strip-final-newline: 2.0.0

  exif-parser@0.1.12: {}

  fast-deep-equal@3.1.3: {}

  file-type@9.0.0: {}

  follow-redirects@1.15.11(debug@4.4.3):
    optionalDependencies:
      debug: 4.4.3

  get-stream@6.0.1: {}

  global@4.4.0:
    dependencies:
      min-document: 2.19.2
      process: 0.11.10

  has-flag@4.0.0: {}

  human-signals@2.1.0: {}

  ieee754@1.2.1: {}

  ini@1.3.8: {}

  is-docker@2.2.1: {}

  is-fullwidth-code-point@3.0.0: {}

  is-function@1.0.2: {}

  is-port-reachable@4.0.0: {}

  is-stream@2.0.1: {}

  is-wsl@2.2.0:
    dependencies:
      is-docker: 2.2.1

  isexe@2.0.0: {}

  jimp@0.6.8(debug@4.4.3):
    dependencies:
      '@jimp/custom': 0.6.8(debug@4.4.3)
      '@jimp/plugins': 0.6.8(@jimp/custom@0.6.8(debug@4.4.3))(debug@4.4.3)
      '@jimp/types': 0.6.8(@jimp/custom@0.6.8(debug@4.4.3))
      core-js: 2.6.12
      regenerator-runtime: 0.13.11
    transitivePeerDependencies:
      - debug

  jpeg-js@0.3.7: {}

  json-schema-traverse@1.0.0: {}

  licia@1.48.0: {}

  load-bmfont@1.4.2(debug@4.4.3):
    dependencies:
      buffer-equal: 0.0.1
      mime: 1.6.0
      parse-bmfont-ascii: 1.0.6
      parse-bmfont-binary: 1.0.6
      parse-bmfont-xml: 1.1.6
      phin: 3.7.1(debug@4.4.3)
      xhr: 2.6.0
      xtend: 4.0.2
    transitivePeerDependencies:
      - debug

  merge-stream@2.0.0: {}

  mime-db@1.33.0: {}

  mime-db@1.54.0: {}

  mime-types@2.1.18:
    dependencies:
      mime-db: 1.33.0

  mime@1.6.0: {}

  mimic-fn@2.1.0: {}

  min-document@2.19.2:
    dependencies:
      dom-walk: 0.1.2

  minimatch@3.1.2:
    dependencies:
      brace-expansion: 1.1.12

  minimist@0.0.8: {}

  minimist@1.2.8: {}

  miniprogram-automator@0.12.1:
    dependencies:
      debug: 4.4.3
      jimp: 0.6.8(debug@4.4.3)
      licia: 1.48.0
      qrcode-reader: 1.0.4
      qrcode-terminal: 0.12.0
      ws: 6.2.3
    transitivePeerDependencies:
      - bufferutil
      - supports-color
      - utf-8-validate

  mkdirp@0.5.1:
    dependencies:
      minimist: 0.0.8

  ms@2.0.0: {}

  ms@2.1.3: {}

  negotiator@0.6.4: {}

  npm-run-path@4.0.1:
    dependencies:
      path-key: 3.1.1

  omggif@1.0.10: {}

  on-headers@1.1.0: {}

  onetime@5.1.2:
    dependencies:
      mimic-fn: 2.1.0

  pako@1.0.11: {}

  parse-bmfont-ascii@1.0.6: {}

  parse-bmfont-binary@1.0.6: {}

  parse-bmfont-xml@1.1.6:
    dependencies:
      xml-parse-from-string: 1.0.1
      xml2js: 0.5.0

  parse-headers@2.0.6: {}

  path-is-inside@1.0.2: {}

  path-key@3.1.1: {}

  path-to-regexp@3.3.0: {}

  phin@2.9.3: {}

  phin@3.7.1(debug@4.4.3):
    dependencies:
      centra: 2.7.0(debug@4.4.3)
    transitivePeerDependencies:
      - debug

  pixelmatch@4.0.2:
    dependencies:
      pngjs: 3.4.0

  pngjs@3.4.0: {}

  process@0.11.10: {}

  punycode@2.3.1: {}

  qrcode-reader@1.0.4: {}

  qrcode-terminal@0.12.0: {}

  range-parser@1.2.0: {}

  rc@1.2.8:
    dependencies:
      deep-extend: 0.6.0
      ini: 1.3.8
      minimist: 1.2.8
      strip-json-comments: 2.0.1

  regenerator-runtime@0.13.11: {}

  registry-auth-token@3.3.2:
    dependencies:
      rc: 1.2.8
      safe-buffer: 5.2.1

  registry-url@3.1.0:
    dependencies:
      rc: 1.2.8

  require-from-string@2.0.2: {}

  safe-buffer@5.2.1: {}

  sax@1.4.4: {}

  serve-handler@6.1.6:
    dependencies:
      bytes: 3.0.0
      content-disposition: 0.5.2
      mime-types: 2.1.18
      minimatch: 3.1.2
      path-is-inside: 1.0.2
      path-to-regexp: 3.3.0
      range-parser: 1.2.0

  serve@14.2.5:
    dependencies:
      '@zeit/schemas': 2.36.0
      ajv: 8.12.0
      arg: 5.0.2
      boxen: 7.0.0
      chalk: 5.0.1
      chalk-template: 0.4.0
      clipboardy: 3.0.0
      compression: 1.8.1
      is-port-reachable: 4.0.0
      serve-handler: 6.1.6
      update-check: 1.5.4
    transitivePeerDependencies:
      - supports-color

  shebang-command@2.0.0:
    dependencies:
      shebang-regex: 3.0.0

  shebang-regex@3.0.0: {}

  signal-exit@3.0.7: {}

  string-width@4.2.3:
    dependencies:
      emoji-regex: 8.0.0
      is-fullwidth-code-point: 3.0.0
      strip-ansi: 6.0.1

  string-width@5.1.2:
    dependencies:
      eastasianwidth: 0.2.0
      emoji-regex: 9.2.2
      strip-ansi: 7.1.2

  strip-ansi@6.0.1:
    dependencies:
      ansi-regex: 5.0.1

  strip-ansi@7.1.2:
    dependencies:
      ansi-regex: 6.2.2

  strip-final-newline@2.0.0: {}

  strip-json-comments@2.0.1: {}

  supports-color@7.2.0:
    dependencies:
      has-flag: 4.0.0

  timm@1.7.1: {}

  tinycolor2@1.6.0: {}

  type-fest@2.19.0: {}

  update-check@1.5.4:
    dependencies:
      registry-auth-token: 3.3.2
      registry-url: 3.1.0

  uri-js@4.4.1:
    dependencies:
      punycode: 2.3.1

  utif@2.0.1:
    dependencies:
      pako: 1.0.11

  vary@1.1.2: {}

  which@2.0.2:
    dependencies:
      isexe: 2.0.0

  widest-line@4.0.1:
    dependencies:
      string-width: 5.1.2

  wrap-ansi@8.1.0:
    dependencies:
      ansi-styles: 6.2.3
      string-width: 5.1.2
      strip-ansi: 7.1.2

  ws@6.2.3:
    dependencies:
      async-limiter: 1.0.1

  xhr@2.6.0:
    dependencies:
      global: 4.4.0
      is-function: 1.0.2
      parse-headers: 2.0.6
      xtend: 4.0.2

  xml-parse-from-string@1.0.1: {}

  xml2js@0.5.0:
    dependencies:
      sax: 1.4.4
      xmlbuilder: 11.0.1

  xmlbuilder@11.0.1: {}

  xtend@4.0.2: {}
